
Microsoft Visual Studio Solution File, Format Version 12.00
# Visual Studio Version 16
VisualStudioVersion = 16.0.31424.327
MinimumVisualStudioVersion = 10.0.40219.1
Project("{FAE04EC0-301F-11D3-BF4B-00C04F79EFBC}") = "DVCustomCarLoader", "DVCustomCarLoader\DVCustomCarLoader.csproj", "{1380FDD7-0144-49AA-A2CD-BA1EB02EE306}"
EndProject
Project("{FAE04EC0-301F-11D3-BF4B-00C04F79EFBC}") = "CLL_GameScripts", "CLL_GameScripts\CLL_GameScripts.csproj", "{C191C5AC-990E-4CA6-9847-342B9CD92465}"
EndProject
Global
	GlobalSection(SolutionConfigurationPlatforms) = preSolution
		Debug|Any CPU = Debug|Any CPU
		Release|Any CPU = Release|Any CPU
	EndGlobalSection
	GlobalSection(ProjectConfigurationPlatforms) = postSolution
		{1380FDD7-0144-49AA-A2CD-BA1EB02EE306}.Debug|Any CPU.ActiveCfg = Debug|Any CPU
		{1380FDD7-0144-49AA-A2CD-BA1EB02EE306}.Debug|Any CPU.Build.0 = Debug|Any CPU
		{1380FDD7-0144-49AA-A2CD-BA1EB02EE306}.Release|Any CPU.ActiveCfg = Release|Any CPU
		{1380FDD7-0144-49AA-A2CD-BA1EB02EE306}.Release|Any CPU.Build.0 = Release|Any CPU
		{C191C5AC-990E-4CA6-9847-342B9CD92465}.Debug|Any CPU.ActiveCfg = Debug|Any CPU
		{C191C5AC-990E-4CA6-9847-342B9CD92465}.Debug|Any CPU.Build.0 = Debug|Any CPU
		{C191C5AC-990E-4CA6-9847-342B9CD92465}.Release|Any CPU.ActiveCfg = Release|Any CPU
		{C191C5AC-990E-4CA6-9847-342B9CD92465}.Release|Any CPU.Build.0 = Release|Any CPU
	EndGlobalSection
	GlobalSection(SolutionProperties) = preSolution
		HideSolutionNode = FALSE
	EndGlobalSection
	GlobalSection(ExtensibilityGlobals) = postSolution
		SolutionGuid = {F7B6969D-CDE5-4E9E-9692-AD6C962E8DBF}
	EndGlobalSection
EndGlobal
